// !$*UTF8*$!
{
	archiveVersion = 1;
	classes = {
	};
	objectVersion = 46;
	objects = {

/* Begin PBXBuildFile section */
		649D9FDB1A7EDF4100392002 /* main.m in Sources */ = {isa = PBXBuildFile; fileRef = 649D9FDA1A7EDF4100392002 /* main.m */; };
		649D9FDE1A7EDF4100392002 /* AppDelegate.m in Sources */ = {isa = PBXBuildFile; fileRef = 649D9FDD1A7EDF4100392002 /* AppDelegate.m */; };
		649D9FE11A7EDF4100392002 /* PlayViewController.m in Sources */ = {isa = PBXBuildFile; fileRef = 649D9FE01A7EDF4100392002 /* PlayViewController.m */; };
		649D9FE41A7EDF4100392002 /* RoleViewController.m in Sources */ = {isa = PBXBuildFile; fileRef = 649D9FE31A7EDF4100392002 /* RoleViewController.m */; };
		649D9FE71A7EDF4100392002 /* Main.storyboard in Resources */ = {isa = PBXBuildFile; fileRef = 649D9FE51A7EDF4100392002 /* Main.storyboard */; };
		649D9FE91A7EDF4100392002 /* Images.xcassets in Resources */ = {isa = PBXBuildFile; fileRef = 649D9FE81A7EDF4100392002 /* Images.xcassets */; };
		649D9FEC1A7EDF4100392002 /* LaunchScreen.xib in Resources */ = {isa = PBXBuildFile; fileRef = 649D9FEA1A7EDF4100392002 /* LaunchScreen.xib */; };
		649D9FF81A7EDF4100392002 /* PssingTapExampleTests.m in Sources */ = {isa = PBXBuildFile; fileRef = 649D9FF71A7EDF4100392002 /* PssingTapExampleTests.m */; };
		649DA0031A7EE00F00392002 /* GameTabBarController.m in Sources */ = {isa = PBXBuildFile; fileRef = 649DA0021A7EE00F00392002 /* GameTabBarController.m */; };
		649DA0061A7EE11800392002 /* Role.m in Sources */ = {isa = PBXBuildFile; fileRef = 649DA0051A7EE11800392002 /* Role.m */; };
		649DA0091A7EE13600392002 /* RoleDatasource.m in Sources */ = {isa = PBXBuildFile; fileRef = 649DA0081A7EE13600392002 /* RoleDatasource.m */; };
/* End PBXBuildFile section */

/* Begin PBXContainerItemProxy section */
		649D9FF21A7EDF4100392002 /* PBXContainerItemProxy */ = {
			isa = PBXContainerItemProxy;
			containerPortal = 649D9FCD1A7EDF4000392002 /* Project object */;
			proxyType = 1;
			remoteGlobalIDString = 649D9FD41A7EDF4000392002;
			remoteInfo = PssingTapExample;
		};
/* End PBXContainerItemProxy section */

/* Begin PBXFileReference section */
		649D9FD51A7EDF4000392002 /* PssingTapExample.app */ = {isa = PBXFileReference; explicitFileType = wrapper.application; includeInIndex = 0; path = PssingTapExample.app; sourceTree = BUILT_PRODUCTS_DIR; };
		649D9FD91A7EDF4100392002 /* Info.plist */ = {isa = PBXFileReference; lastKnownFileType = text.plist.xml; path = Info.plist; sourceTree = "<group>"; };
		649D9FDA1A7EDF4100392002 /* main.m */ = {isa = PBXFileReference; lastKnownFileType = sourcecode.c.objc; path = main.m; sourceTree = "<group>"; };
		649D9FDC1A7EDF4100392002 /* AppDelegate.h */ = {isa = PBXFileReference; lastKnownFileType = sourcecode.c.h; path = AppDelegate.h; sourceTree = "<group>"; };
		649D9FDD1A7EDF4100392002 /* AppDelegate.m */ = {isa = PBXFileReference; lastKnownFileType = sourcecode.c.objc; path = AppDelegate.m; sourceTree = "<group>"; };
		649D9FDF1A7EDF4100392002 /* PlayViewController.h */ = {isa = PBXFileReference; lastKnownFileType = sourcecode.c.h; path = PlayViewController.h; sourceTree = "<group>"; };
		649D9FE01A7EDF4100392002 /* PlayViewController.m */ = {isa = PBXFileReference; lastKnownFileType = sourcecode.c.objc; path = PlayViewController.m; sourceTree = "<group>"; };
		649D9FE21A7EDF4100392002 /* RoleViewController.h */ = {isa = PBXFileReference; lastKnownFileType = sourcecode.c.h; path = RoleViewController.h; sourceTree = "<group>"; };
		649D9FE31A7EDF4100392002 /* RoleViewController.m */ = {isa = PBXFileReference; lastKnownFileType = sourcecode.c.objc; path = RoleViewController.m; sourceTree = "<group>"; };
		649D9FE61A7EDF4100392002 /* Base */ = {isa = PBXFileReference; lastKnownFileType = file.storyboard; name = Base; path = Base.lproj/Main.storyboard; sourceTree = "<group>"; };
		649D9FE81A7EDF4100392002 /* Images.xcassets */ = {isa = PBXFileReference; lastKnownFileType = folder.assetcatalog; path = Images.xcassets; sourceTree = "<group>"; };
		649D9FEB1A7EDF4100392002 /* Base */ = {isa = PBXFileReference; lastKnownFileType = file.xib; name = Base; path = Base.lproj/LaunchScreen.xib; sourceTree = "<group>"; };
		649D9FF11A7EDF4100392002 /* PssingTapExampleTests.xctest */ = {isa = PBXFileReference; explicitFileType = wrapper.cfbundle; includeInIndex = 0; path = PssingTapExampleTests.xctest; sourceTree = BUILT_PRODUCTS_DIR; };
		649D9FF61A7EDF4100392002 /* Info.plist */ = {isa = PBXFileReference; lastKnownFileType = text.plist.xml; path = Info.plist; sourceTree = "<group>"; };
		649D9FF71A7EDF4100392002 /* PssingTapExampleTests.m */ = {isa = PBXFileReference; lastKnownFileType = sourcecode.c.objc; path = PssingTapExampleTests.m; sourceTree = "<group>"; };
		649DA0011A7EE00F00392002 /* GameTabBarController.h */ = {isa = PBXFileReference; fileEncoding = 4; lastKnownFileType = sourcecode.c.h; path = GameTabBarController.h; sourceTree = "<group>"; };
		649DA0021A7EE00F00392002 /* GameTabBarController.m */ = {isa = PBXFileReference; fileEncoding = 4; lastKnownFileType = sourcecode.c.objc; path = GameTabBarController.m; sourceTree = "<group>"; };
		649DA0041A7EE11800392002 /* Role.h */ = {isa = PBXFileReference; fileEncoding = 4; lastKnownFileType = sourcecode.c.h; path = Role.h; sourceTree = "<group>"; };
		649DA0051A7EE11800392002 /* Role.m */ = {isa = PBXFileReference; fileEncoding = 4; lastKnownFileType = sourcecode.c.objc; path = Role.m; sourceTree = "<group>"; };
		649DA0071A7EE13600392002 /* RoleDatasource.h */ = {isa = PBXFileReference; fileEncoding = 4; lastKnownFileType = sourcecode.c.h; path = RoleDatasource.h; sourceTree = "<group>"; };
		649DA0081A7EE13600392002 /* RoleDatasource.m */ = {isa = PBXFileReference; fileEncoding = 4; lastKnownFileType = sourcecode.c.objc; path = RoleDatasource.m; sourceTree = "<group>"; };
/* End PBXFileReference section */

/* Begin PBXFrameworksBuildPhase section */
		649D9FD21A7EDF4000392002 /* Frameworks */ = {
			isa = PBXFrameworksBuildPhase;
			buildActionMask = 2147483647;
			files = (
			);
			runOnlyForDeploymentPostprocessing = 0;
		};
		649D9FEE1A7EDF4100392002 /* Frameworks */ = {
			isa = PBXFrameworksBuildPhase;
			buildActionMask = 2147483647;
			files = (
			);
			runOnlyForDeploymentPostprocessing = 0;
		};
/* End PBXFrameworksBuildPhase section */

/* Begin PBXGroup section */
		649D9FCC1A7EDF4000392002 = {
			isa = PBXGroup;
			children = (
				649D9FD71A7EDF4000392002 /* PssingTapExample */,
				649D9FF41A7EDF4100392002 /* PssingTapExampleTests */,
				649D9FD61A7EDF4000392002 /* Products */,
			);
			sourceTree = "<group>";
		};
		649D9FD61A7EDF4000392002 /* Products */ = {
			isa = PBXGroup;
			children = (
				649D9FD51A7EDF4000392002 /* PssingTapExample.app */,
				649D9FF11A7EDF4100392002 /* PssingTapExampleTests.xctest */,
			);
			name = Products;
			sourceTree = "<group>";
		};
		649D9FD71A7EDF4000392002 /* PssingTapExample */ = {
			isa = PBXGroup;
			children = (
				649D9FDC1A7EDF4100392002 /* AppDelegate.h */,
				649D9FDD1A7EDF4100392002 /* AppDelegate.m */,
				649D9FDF1A7EDF4100392002 /* PlayViewController.h */,
				649D9FE01A7EDF4100392002 /* PlayViewController.m */,
				649D9FE21A7EDF4100392002 /* RoleViewController.h */,
				649D9FE31A7EDF4100392002 /* RoleViewController.m */,
				649D9FE51A7EDF4100392002 /* Main.storyboard */,
				649D9FE81A7EDF4100392002 /* Images.xcassets */,
				649D9FEA1A7EDF4100392002 /* LaunchScreen.xib */,
				649D9FD81A7EDF4100392002 /* Supporting Files */,
				649DA0011A7EE00F00392002 /* GameTabBarController.h */,
				649DA0021A7EE00F00392002 /* GameTabBarController.m */,
				649DA0041A7EE11800392002 /* Role.h */,
				649DA0051A7EE11800392002 /* Role.m */,
				649DA0071A7EE13600392002 /* RoleDatasource.h */,
				649DA0081A7EE13600392002 /* RoleDatasource.m */,
			);
			path = PssingTapExample;
			sourceTree = "<group>";
		};
		649D9FD81A7EDF4100392002 /* Supporting Files */ = {
			isa = PBXGroup;
			children = (
				649D9FD91A7EDF4100392002 /* Info.plist */,
				649D9FDA1A7EDF4100392002 /* main.m */,
			);
			name = "Supporting Files";
			sourceTree = "<group>";
		};
		649D9FF41A7EDF4100392002 /* PssingTapExampleTests */ = {
			isa = PBXGroup;
			children = (
				649D9FF71A7EDF4100392002 /* PssingTapExampleTests.m */,
				649D9FF51A7EDF4100392002 /* Supporting Files */,
			);
			path = PssingTapExampleTests;
			sourceTree = "<group>";
		};
		649D9FF51A7EDF4100392002 /* Supporting Files */ = {
			isa = PBXGroup;
			children = (
				649D9FF61A7EDF4100392002 /* Info.plist */,
			);
			name = "Supporting Files";
			sourceTree = "<group>";
		};
/* End PBXGroup section */

/* Begin PBXNativeTarget section */
		649D9FD41A7EDF4000392002 /* PssingTapExample */ = {
			isa = PBXNativeTarget;
			buildConfigurationList = 649D9FFB1A7EDF4100392002 /* Build configuration list for PBXNativeTarget "PssingTapExample" */;
			buildPhases = (
				649D9FD11A7EDF4000392002 /* Sources */,
				649D9FD21A7EDF4000392002 /* Frameworks */,
				649D9FD31A7EDF4000392002 /* Resources */,
			);
			buildRules = (
			);
			dependencies = (
			);
			name = PssingTapExample;
			productName = PssingTapExample;
			productReference = 649D9FD51A7EDF4000392002 /* PssingTapExample.app */;
			productType = "com.apple.product-type.application";
		};
		649D9FF01A7EDF4100392002 /* PssingTapExampleTests */ = {
			isa = PBXNativeTarget;
			buildConfigurationList = 649D9FFE1A7EDF4100392002 /* Build configuration list for PBXNativeTarget "PssingTapExampleTests" */;
			buildPhases = (
				649D9FED1A7EDF4100392002 /* Sources */,
				649D9FEE1A7EDF4100392002 /* Frameworks */,
				649D9FEF1A7EDF4100392002 /* Resources */,
			);
			buildRules = (
			);
			dependencies = (
				649D9FF31A7EDF4100392002 /* PBXTargetDependency */,
			);
			name = PssingTapExampleTests;
			productName = PssingTapExampleTests;
			productReference = 649D9FF11A7EDF4100392002 /* PssingTapExampleTests.xctest */;
			productType = "com.apple.product-type.bundle.unit-test";
		};
/* End PBXNativeTarget section */

/* Begin PBXProject section */
		649D9FCD1A7EDF4000392002 /* Project object */ = {
			isa = PBXProject;
			attributes = {
				LastUpgradeCheck = 0610;
				ORGANIZATIONNAME = com.vs;
				TargetAttributes = {
					649D9FD41A7EDF4000392002 = {
						CreatedOnToolsVersion = 6.1.1;
					};
					649D9FF01A7EDF4100392002 = {
						CreatedOnToolsVersion = 6.1.1;
						TestTargetID = 649D9FD41A7EDF4000392002;
					};
				};
			};
			buildConfigurationList = 649D9FD01A7EDF4000392002 /* Build configuration list for PBXProject "PssingTapExample" */;
			compatibilityVersion = "Xcode 3.2";
			developmentRegion = English;
			hasScannedForEncodings = 0;
			knownRegions = (
				en,
				Base,
			);
			mainGroup = 649D9FCC1A7EDF4000392002;
			productRefGroup = 649D9FD61A7EDF4000392002 /* Products */;
			projectDirPath = "";
			projectRoot = "";
			targets = (
				649D9FD41A7EDF4000392002 /* PssingTapExample */,
				649D9FF01A7EDF4100392002 /* PssingTapExampleTests */,
			);
		};
/* End PBXProject section */

/* Begin PBXResourcesBuildPhase section */
		649D9FD31A7EDF4000392002 /* Resources */ = {
			isa = PBXResourcesBuildPhase;
			buildActionMask = 2147483647;
			files = (
				649D9FE71A7EDF4100392002 /* Main.storyboard in Resources */,
				649D9FEC1A7EDF4100392002 /* LaunchScreen.xib in Resources */,
				649D9FE91A7EDF4100392002 /* Images.xcassets in Resources */,
			);
			runOnlyForDeploymentPostprocessing = 0;
		};
		649D9FEF1A7EDF4100392002 /* Resources */ = {
			isa = PBXResourcesBuildPhase;
			buildActionMask = 2147483647;
			files = (
			);
			runOnlyForDeploymentPostprocessing = 0;
		};
/* End PBXResourcesBuildPhase section */

/* Begin PBXSourcesBuildPhase section */
		649D9FD11A7EDF4000392002 /* Sources */ = {
			isa = PBXSourcesBuildPhase;
			buildActionMask = 2147483647;
			files = (
				649D9FE41A7EDF4100392002 /* RoleViewController.m in Sources */,
				649D9FDE1A7EDF4100392002 /* AppDelegate.m in Sources */,
				649D9FE11A7EDF4100392002 /* PlayViewController.m in Sources */,
				649DA0031A7EE00F00392002 /* GameTabBarController.m in Sources */,
				649D9FDB1A7EDF4100392002 /* main.m in Sources */,
				649DA0091A7EE13600392002 /* RoleDatasource.m in Sources */,
				649DA0061A7EE11800392002 /* Role.m in Sources */,
			);
			runOnlyForDeploymentPostprocessing = 0;
		};
		649D9FED1A7EDF4100392002 /* Sources */ = {
			isa = PBXSourcesBuildPhase;
			buildActionMask = 2147483647;
			files = (
				649D9FF81A7EDF4100392002 /* PssingTapExampleTests.m in Sources */,
			);
			runOnlyForDeploymentPostprocessing = 0;
		};
/* End PBXSourcesBuildPhase section */

/* Begin PBXTargetDependency section */
		649D9FF31A7EDF4100392002 /* PBXTargetDependency */ = {
			isa = PBXTargetDependency;
			target = 649D9FD41A7EDF4000392002 /* PssingTapExample */;
			targetProxy = 649D9FF21A7EDF4100392002 /* PBXContainerItemProxy */;
		};
/* End PBXTargetDependency section */

/* Begin PBXVariantGroup section */
		649D9FE51A7EDF4100392002 /* Main.storyboard */ = {
			isa = PBXVariantGroup;
			children = (
				649D9FE61A7EDF4100392002 /* Base */,
			);
			name = Main.storyboard;
			sourceTree = "<group>";
		};
		649D9FEA1A7EDF4100392002 /* LaunchScreen.xib */ = {
			isa = PBXVariantGroup;
			children = (
				649D9FEB1A7EDF4100392002 /* Base */,
			);
			name = LaunchScreen.xib;
			sourceTree = "<group>";
		};
/* End PBXVariantGroup section */

/* Begin XCBuildConfiguration section */
		649D9FF91A7EDF4100392002 /* Debug */ = {
			isa = XCBuildConfiguration;
			buildSettings = {
				ALWAYS_SEARCH_USER_PATHS = NO;
				CLANG_CXX_LANGUAGE_STANDARD = "gnu++0x";
				CLANG_CXX_LIBRARY = "libc++";
				CLANG_ENABLE_MODULES = YES;
				CLANG_ENABLE_OBJC_ARC = YES;
				CLANG_WARN_BOOL_CONVERSION = YES;
				CLANG_WARN_CONSTANT_CONVERSION = YES;
				CLANG_WARN_DIRECT_OBJC_ISA_USAGE = YES_ERROR;
				CLANG_WARN_EMPTY_BODY = YES;
				CLANG_WARN_ENUM_CONVERSION = YES;
				CLANG_WARN_INT_CONVERSION = YES;
				CLANG_WARN_OBJC_ROOT_CLASS = YES_ERROR;
				CLANG_WARN_UNREACHABLE_CODE = YES;
				CLANG_WARN__DUPLICATE_METHOD_MATCH = YES;
				"CODE_SIGN_IDENTITY[sdk=iphoneos*]" = "iPhone Developer";
				COPY_PHASE_STRIP = NO;
				ENABLE_STRICT_OBJC_MSGSEND = YES;
				GCC_C_LANGUAGE_STANDARD = gnu99;
				GCC_DYNAMIC_NO_PIC = NO;
				GCC_OPTIMIZATION_LEVEL = 0;
				GCC_PREPROCESSOR_DEFINITIONS = (
					"DEBUG=1",
					"$(inherited)",
				);
				GCC_SYMBOLS_PRIVATE_EXTERN = NO;
				GCC_WARN_64_TO_32_BIT_CONVERSION = YES;
				GCC_WARN_ABOUT_RETURN_TYPE = YES_ERROR;
				GCC_WARN_UNDECLARED_SELECTOR = YES;
				GCC_WARN_UNINITIALIZED_AUTOS = YES_AGGRESSIVE;
				GCC_WARN_UNUSED_FUNCTION = YES;
				GCC_WARN_UNUSED_VARIABLE = YES;
				IPHONEOS_DEPLOYMENT_TARGET = 8.1;
				MTL_ENABLE_DEBUG_INFO = YES;
				ONLY_ACTIVE_ARCH = YES;
				SDKROOT = iphoneos;
			};
			name = Debug;
		};
		649D9FFA1A7EDF4100392002 /* Release */ = {
			isa = XCBuildConfiguration;
			buildSettings = {
				ALWAYS_SEARCH_USER_PATHS = NO;
				CLANG_CXX_LANGUAGE_STANDARD = "gnu++0x";
				CLANG_CXX_LIBRARY = "libc++";
				CLANG_ENABLE_MODULES = YES;
				CLANG_ENABLE_OBJC_ARC = YES;
				CLANG_WARN_BOOL_CONVERSION = YES;
				CLANG_WARN_CONSTANT_CONVERSION = YES;
				CLANG_WARN_DIRECT_OBJC_ISA_USAGE = YES_ERROR;
				CLANG_WARN_EMPTY_BODY = YES;
				CLANG_WARN_ENUM_CONVERSION = YES;
				CLANG_WARN_INT_CONVERSION = YES;
				CLANG_WARN_OBJC_ROOT_CLASS = YES_ERROR;
				CLANG_WARN_UNREACHABLE_CODE = YES;
				CLANG_WARN__DUPLICATE_METHOD_MATCH = YES;
				"CODE_SIGN_IDENTITY[sdk=iphoneos*]" = "iPhone Developer";
				COPY_PHASE_STRIP = YES;
				ENABLE_NS_ASSERTIONS = NO;
				ENABLE_STRICT_OBJC_MSGSEND = YES;
				GCC_C_LANGUAGE_STANDARD = gnu99;
				GCC_WARN_64_TO_32_BIT_CONVERSION = YES;
				GCC_WARN_ABOUT_RETURN_TYPE = YES_ERROR;
				GCC_WARN_UNDECLARED_SELECTOR = YES;
				GCC_WARN_UNINITIALIZED_AUTOS = YES_AGGRESSIVE;
				GCC_WARN_UNUSED_FUNCTION = YES;
				GCC_WARN_UNUSED_VARIABLE = YES;
				IPHONEOS_DEPLOYMENT_TARGET = 8.1;
				MTL_ENABLE_DEBUG_INFO = NO;
				SDKROOT = iphoneos;
				VALIDATE_PRODUCT = YES;
			};
			name = Release;
		};
		649D9FFC1A7EDF4100392002 /* Debug */ = {
			isa = XCBuildConfiguration;
			buildSettings = {
				ASSETCATALOG_COMPILER_APPICON_NAME = AppIcon;
				INFOPLIST_FILE = PssingTapExample/Info.plist;
				LD_RUNPATH_SEARCH_PATHS = "$(inherited) @executable_path/Frameworks";
				PRODUCT_NAME = "$(TARGET_NAME)";
			};
			name = Debug;
		};
		649D9FFD1A7EDF4100392002 /* Release */ = {
			isa = XCBuildConfiguration;
			buildSettings = {
				ASSETCATALOG_COMPILER_APPICON_NAME = AppIcon;
				INFOPLIST_FILE = PssingTapExample/Info.plist;
				LD_RUNPATH_SEARCH_PATHS = "$(inherited) @executable_path/Frameworks";
				PRODUCT_NAME = "$(TARGET_NAME)";
			};
			name = Release;
		};
		649D9FFF1A7EDF4100392002 /* Debug */ = {
			isa = XCBuildConfiguration;
			buildSettings = {
				BUNDLE_LOADER = "$(TEST_HOST)";
				FRAMEWORK_SEARCH_PATHS = (
					"$(SDKROOT)/Developer/Library/Frameworks",
					"$(inherited)",
				);
				GCC_PREPROCESSOR_DEFINITIONS = (
					"DEBUG=1",
					"$(inherited)",
				);
				INFOPLIST_FILE = PssingTapExampleTests/Info.plist;
				LD_RUNPATH_SEARCH_PATHS = "$(inherited) @executable_path/Frameworks @loader_path/Frameworks";
				PRODUCT_NAME = "$(TARGET_NAME)";
				TEST_HOST = "$(BUILT_PRODUCTS_DIR)/PssingTapExample.app/PssingTapExample";
			};
			name = Debug;
		};
		649DA0001A7EDF4100392002 /* Release */ = {
			isa = XCBuildConfiguration;
			buildSettings = {
				BUNDLE_LOADER = "$(TEST_HOST)";
				FRAMEWORK_SEARCH_PATHS = (
					"$(SDKROOT)/Developer/Library/Frameworks",
					"$(inherited)",
				);
				INFOPLIST_FILE = PssingTapExampleTests/Info.plist;
				LD_RUNPATH_SEARCH_PATHS = "$(inherited) @executable_path/Frameworks @loader_path/Frameworks";
				PRODUCT_NAME = "$(TARGET_NAME)";
				TEST_HOST = "$(BUILT_PRODUCTS_DIR)/PssingTapExample.app/PssingTapExample";
			};
			name = Release;
		};
/* End XCBuildConfiguration section */

/* Begin XCConfigurationList section */
		649D9FD01A7EDF4000392002 /* Build configuration list for PBXProject "PssingTapExample" */ = {
			isa = XCConfigurationList;
			buildConfigurations = (
				649D9FF91A7EDF4100392002 /* Debug */,
				649D9FFA1A7EDF4100392002 /* Release */,
			);
			defaultConfigurationIsVisible = 0;
			defaultConfigurationName = Release;
		};
		649D9FFB1A7EDF4100392002 /* Build configuration list for PBXNativeTarget "PssingTapExample" */ = {
			isa = XCConfigurationList;
			buildConfigurations = (
				649D9FFC1A7EDF4100392002 /* Debug */,
				649D9FFD1A7EDF4100392002 /* Release */,
			);
			defaultConfigurationIsVisible = 0;
		};
		649D9FFE1A7EDF4100392002 /* Build configuration list for PBXNativeTarget "PssingTapExampleTests" */ = {
			isa = XCConfigurationList;
			buildConfigurations = (
				649D9FFF1A7EDF4100392002 /* Debug */,
				649DA0001A7EDF4100392002 /* Release */,
			);
			defaultConfigurationIsVisible = 0;
		};
/* End XCConfigurationList section */
	};
	rootObject = 649D9FCD1A7EDF4000392002 /* Project object */;
}
